// !$*UTF8*$!
{
	archiveVersion = 1;
	classes = {
	};
	objectVersion = 56;
	objects = {

/* Begin PBXBuildFile section */
		521245F02A30E5A2000690EF /* SnapsViewController.swift in Sources */ = {isa = PBXBuildFile; fileRef = 521245EF2A30E5A2000690EF /* SnapsViewController.swift */; };
		521245F22A30EB0A000690EF /* ImagenViewController.swift in Sources */ = {isa = PBXBuildFile; fileRef = 521245F12A30EB0A000690EF /* ImagenViewController.swift */; };
		521245F52A30F6A9000690EF /* FirebaseDatabase in Frameworks */ = {isa = PBXBuildFile; productRef = 521245F42A30F6A9000690EF /* FirebaseDatabase */; };
		521245F72A30F6AE000690EF /* FirebaseStorage in Frameworks */ = {isa = PBXBuildFile; productRef = 521245F62A30F6AE000690EF /* FirebaseStorage */; };
		521245F92A30FF46000690EF /* ElegirUsuarioViewController.swift in Sources */ = {isa = PBXBuildFile; fileRef = 521245F82A30FF46000690EF /* ElegirUsuarioViewController.swift */; };
		521245FD2A3691ED000690EF /* Usuario.swift in Sources */ = {isa = PBXBuildFile; fileRef = 521245FC2A3691ED000690EF /* Usuario.swift */; };
		521245FF2A36ACD9000690EF /* RegistrarViewController.swift in Sources */ = {isa = PBXBuildFile; fileRef = 521245FE2A36ACD9000690EF /* RegistrarViewController.swift */; };
		52B42BAA2A3A2686004B246C /* Snap.swift in Sources */ = {isa = PBXBuildFile; fileRef = 52B42BA92A3A2686004B246C /* Snap.swift */; };
		52BA59722A27A4D400936788 /* AppDelegate.swift in Sources */ = {isa = PBXBuildFile; fileRef = 52BA59712A27A4D400936788 /* AppDelegate.swift */; };
		52BA59742A27A4D400936788 /* SceneDelegate.swift in Sources */ = {isa = PBXBuildFile; fileRef = 52BA59732A27A4D400936788 /* SceneDelegate.swift */; };
		52BA59762A27A4D400936788 /* IniciarSesionViewController.swift in Sources */ = {isa = PBXBuildFile; fileRef = 52BA59752A27A4D400936788 /* IniciarSesionViewController.swift */; };
		52BA59792A27A4D400936788 /* Main.storyboard in Resources */ = {isa = PBXBuildFile; fileRef = 52BA59772A27A4D400936788 /* Main.storyboard */; };
		52BA597B2A27A4D700936788 /* Assets.xcassets in Resources */ = {isa = PBXBuildFile; fileRef = 52BA597A2A27A4D700936788 /* Assets.xcassets */; };
		52BA597E2A27A4D700936788 /* LaunchScreen.storyboard in Resources */ = {isa = PBXBuildFile; fileRef = 52BA597C2A27A4D700936788 /* LaunchScreen.storyboard */; };
		52BA59862A27A5E800936788 /* GoogleService-Info.plist in Resources */ = {isa = PBXBuildFile; fileRef = 52BA59852A27A5E800936788 /* GoogleService-Info.plist */; };
		52BA59892A2D4B7C00936788 /* FirebaseAuth in Frameworks */ = {isa = PBXBuildFile; productRef = 52BA59882A2D4B7C00936788 /* FirebaseAuth */; };
		52BA598C2A2D5A3600936788 /* GoogleSignIn in Frameworks */ = {isa = PBXBuildFile; productRef = 52BA598B2A2D5A3600936788 /* GoogleSignIn */; };
		52BA598E2A2D5A3600936788 /* GoogleSignInSwift in Frameworks */ = {isa = PBXBuildFile; productRef = 52BA598D2A2D5A3600936788 /* GoogleSignInSwift */; };
		52D89DF82A3A301800A26D0A /* VerSnapViewController.swift in Sources */ = {isa = PBXBuildFile; fileRef = 52D89DF72A3A301800A26D0A /* VerSnapViewController.swift */; };
		52D89DFB2A3A338000A26D0A /* SDWebImage in Frameworks */ = {isa = PBXBuildFile; productRef = 52D89DFA2A3A338000A26D0A /* SDWebImage */; };
/* End PBXBuildFile section */

/* Begin PBXFileReference section */
		521245E82A30E203000690EF /* MejiaSnapshat.entitlements */ = {isa = PBXFileReference; lastKnownFileType = text.plist.entitlements; path = MejiaSnapshat.entitlements; sourceTree = "<group>"; };
		521245EF2A30E5A2000690EF /* SnapsViewController.swift */ = {isa = PBXFileReference; lastKnownFileType = sourcecode.swift; path = SnapsViewController.swift; sourceTree = "<group>"; };
		521245F12A30EB0A000690EF /* ImagenViewController.swift */ = {isa = PBXFileReference; lastKnownFileType = sourcecode.swift; path = ImagenViewController.swift; sourceTree = "<group>"; };
		521245F82A30FF46000690EF /* ElegirUsuarioViewController.swift */ = {isa = PBXFileReference; lastKnownFileType = sourcecode.swift; path = ElegirUsuarioViewController.swift; sourceTree = "<group>"; };
		521245FC2A3691ED000690EF /* Usuario.swift */ = {isa = PBXFileReference; lastKnownFileType = sourcecode.swift; path = Usuario.swift; sourceTree = "<group>"; };
		521245FE2A36ACD9000690EF /* RegistrarViewController.swift */ = {isa = PBXFileReference; lastKnownFileType = sourcecode.swift; path = RegistrarViewController.swift; sourceTree = "<group>"; };
		52B42BA92A3A2686004B246C /* Snap.swift */ = {isa = PBXFileReference; lastKnownFileType = sourcecode.swift; path = Snap.swift; sourceTree = "<group>"; };
		52BA596E2A27A4D400936788 /* MejiaSnapshat.app */ = {isa = PBXFileReference; explicitFileType = wrapper.application; includeInIndex = 0; path = MejiaSnapshat.app; sourceTree = BUILT_PRODUCTS_DIR; };
		52BA59712A27A4D400936788 /* AppDelegate.swift */ = {isa = PBXFileReference; lastKnownFileType = sourcecode.swift; path = AppDelegate.swift; sourceTree = "<group>"; };
		52BA59732A27A4D400936788 /* SceneDelegate.swift */ = {isa = PBXFileReference; lastKnownFileType = sourcecode.swift; path = SceneDelegate.swift; sourceTree = "<group>"; };
		52BA59752A27A4D400936788 /* IniciarSesionViewController.swift */ = {isa = PBXFileReference; lastKnownFileType = sourcecode.swift; path = IniciarSesionViewController.swift; sourceTree = "<group>"; };
		52BA59782A27A4D400936788 /* Base */ = {isa = PBXFileReference; lastKnownFileType = file.storyboard; name = Base; path = Base.lproj/Main.storyboard; sourceTree = "<group>"; };
		52BA597A2A27A4D700936788 /* Assets.xcassets */ = {isa = PBXFileReference; lastKnownFileType = folder.assetcatalog; path = Assets.xcassets; sourceTree = "<group>"; };
		52BA597D2A27A4D700936788 /* Base */ = {isa = PBXFileReference; lastKnownFileType = file.storyboard; name = Base; path = Base.lproj/LaunchScreen.storyboard; sourceTree = "<group>"; };
		52BA597F2A27A4D700936788 /* Info.plist */ = {isa = PBXFileReference; lastKnownFileType = text.plist.xml; path = Info.plist; sourceTree = "<group>"; };
		52BA59852A27A5E800936788 /* GoogleService-Info.plist */ = {isa = PBXFileReference; fileEncoding = 4; lastKnownFileType = text.plist.xml; path = "GoogleService-Info.plist"; sourceTree = "<group>"; };
		52D89DF72A3A301800A26D0A /* VerSnapViewController.swift */ = {isa = PBXFileReference; lastKnownFileType = sourcecode.swift; path = VerSnapViewController.swift; sourceTree = "<group>"; };
/* End PBXFileReference section */

/* Begin PBXFrameworksBuildPhase section */
		52BA596B2A27A4D400936788 /* Frameworks */ = {
			isa = PBXFrameworksBuildPhase;
			buildActionMask = 2147483647;
			files = (
				52D89DFB2A3A338000A26D0A /* SDWebImage in Frameworks */,
				52BA598E2A2D5A3600936788 /* GoogleSignInSwift in Frameworks */,
				52BA59892A2D4B7C00936788 /* FirebaseAuth in Frameworks */,
				521245F52A30F6A9000690EF /* FirebaseDatabase in Frameworks */,
				521245F72A30F6AE000690EF /* FirebaseStorage in Frameworks */,
				52BA598C2A2D5A3600936788 /* GoogleSignIn in Frameworks */,
			);
			runOnlyForDeploymentPostprocessing = 0;
		};
/* End PBXFrameworksBuildPhase section */

/* Begin PBXGroup section */
		521245F32A30F6A9000690EF /* Frameworks */ = {
			isa = PBXGroup;
			children = (
			);
			name = Frameworks;
			sourceTree = "<group>";
		};
		521245FA2A36918D000690EF /* ViewControllers */ = {
			isa = PBXGroup;
			children = (
				521245F82A30FF46000690EF /* ElegirUsuarioViewController.swift */,
				52BA59752A27A4D400936788 /* IniciarSesionViewController.swift */,
				521245F12A30EB0A000690EF /* ImagenViewController.swift */,
				521245EF2A30E5A2000690EF /* SnapsViewController.swift */,
				521245FE2A36ACD9000690EF /* RegistrarViewController.swift */,
				52D89DF72A3A301800A26D0A /* VerSnapViewController.swift */,
			);
			path = ViewControllers;
			sourceTree = "<group>";
		};
		521245FB2A3691C6000690EF /* Modelos */ = {
			isa = PBXGroup;
			children = (
				521245FC2A3691ED000690EF /* Usuario.swift */,
				52B42BA92A3A2686004B246C /* Snap.swift */,
			);
			path = Modelos;
			sourceTree = "<group>";
		};
		52BA59652A27A4D400936788 = {
			isa = PBXGroup;
			children = (
				52BA59702A27A4D400936788 /* MejiaSnapshat */,
				52BA596F2A27A4D400936788 /* Products */,
				521245F32A30F6A9000690EF /* Frameworks */,
			);
			sourceTree = "<group>";
		};
		52BA596F2A27A4D400936788 /* Products */ = {
			isa = PBXGroup;
			children = (
				52BA596E2A27A4D400936788 /* MejiaSnapshat.app */,
			);
			name = Products;
			sourceTree = "<group>";
		};
		52BA59702A27A4D400936788 /* MejiaSnapshat */ = {
			isa = PBXGroup;
			children = (
				521245FB2A3691C6000690EF /* Modelos */,
				521245FA2A36918D000690EF /* ViewControllers */,
				521245E82A30E203000690EF /* MejiaSnapshat.entitlements */,
				52BA59712A27A4D400936788 /* AppDelegate.swift */,
				52BA59732A27A4D400936788 /* SceneDelegate.swift */,
				52BA59772A27A4D400936788 /* Main.storyboard */,
				52BA597A2A27A4D700936788 /* Assets.xcassets */,
				52BA597C2A27A4D700936788 /* LaunchScreen.storyboard */,
				52BA597F2A27A4D700936788 /* Info.plist */,
				52BA59852A27A5E800936788 /* GoogleService-Info.plist */,
			);
			path = MejiaSnapshat;
			sourceTree = "<group>";
		};
/* End PBXGroup section */

/* Begin PBXNativeTarget section */
		52BA596D2A27A4D400936788 /* MejiaSnapshat */ = {
			isa = PBXNativeTarget;
			buildConfigurationList = 52BA59822A27A4D700936788 /* Build configuration list for PBXNativeTarget "MejiaSnapshat" */;
			buildPhases = (
				52BA596A2A27A4D400936788 /* Sources */,
				52BA596B2A27A4D400936788 /* Frameworks */,
				52BA596C2A27A4D400936788 /* Resources */,
			);
			buildRules = (
			);
			dependencies = (
			);
			name = MejiaSnapshat;
			packageProductDependencies = (
				52BA59882A2D4B7C00936788 /* FirebaseAuth */,
				52BA598B2A2D5A3600936788 /* GoogleSignIn */,
				52BA598D2A2D5A3600936788 /* GoogleSignInSwift */,
				521245F42A30F6A9000690EF /* FirebaseDatabase */,
				521245F62A30F6AE000690EF /* FirebaseStorage */,
				52D89DFA2A3A338000A26D0A /* SDWebImage */,
			);
			productName = MejiaSnapshat;
			productReference = 52BA596E2A27A4D400936788 /* MejiaSnapshat.app */;
			productType = "com.apple.product-type.application";
		};
/* End PBXNativeTarget section */

/* Begin PBXProject section */
		52BA59662A27A4D400936788 /* Project object */ = {
			isa = PBXProject;
			attributes = {
				BuildIndependentTargetsInParallel = 1;
				LastSwiftUpdateCheck = 1420;
				LastUpgradeCheck = 1420;
				TargetAttributes = {
					52BA596D2A27A4D400936788 = {
						CreatedOnToolsVersion = 14.2;
					};
				};
			};
			buildConfigurationList = 52BA59692A27A4D400936788 /* Build configuration list for PBXProject "MejiaSnapshat" */;
			compatibilityVersion = "Xcode 14.0";
			developmentRegion = en;
			hasScannedForEncodings = 0;
			knownRegions = (
				en,
				Base,
			);
			mainGroup = 52BA59652A27A4D400936788;
			packageReferences = (
				52BA59872A2D4B7C00936788 /* XCRemoteSwiftPackageReference "firebase-ios-sdk" */,
				52BA598A2A2D5A3600936788 /* XCRemoteSwiftPackageReference "GoogleSignIn-iOS" */,
				52D89DF92A3A338000A26D0A /* XCRemoteSwiftPackageReference "SDWebImage" */,
			);
			productRefGroup = 52BA596F2A27A4D400936788 /* Products */;
			projectDirPath = "";
			projectRoot = "";
			targets = (
				52BA596D2A27A4D400936788 /* MejiaSnapshat */,
			);
		};
/* End PBXProject section */

/* Begin PBXResourcesBuildPhase section */
		52BA596C2A27A4D400936788 /* Resources */ = {
			isa = PBXResourcesBuildPhase;
			buildActionMask = 2147483647;
			files = (
				52BA597E2A27A4D700936788 /* LaunchScreen.storyboard in Resources */,
				52BA59862A27A5E800936788 /* GoogleService-Info.plist in Resources */,
				52BA597B2A27A4D700936788 /* Assets.xcassets in Resources */,
				52BA59792A27A4D400936788 /* Main.storyboard in Resources */,
			);
			runOnlyForDeploymentPostprocessing = 0;
		};
/* End PBXResourcesBuildPhase section */

/* Begin PBXSourcesBuildPhase section */
		52BA596A2A27A4D400936788 /* Sources */ = {
			isa = PBXSourcesBuildPhase;
			buildActionMask = 2147483647;
			files = (
				521245F02A30E5A2000690EF /* SnapsViewController.swift in Sources */,
				521245F22A30EB0A000690EF /* ImagenViewController.swift in Sources */,
				52B42BAA2A3A2686004B246C /* Snap.swift in Sources */,
				521245FF2A36ACD9000690EF /* RegistrarViewController.swift in Sources */,
				52D89DF82A3A301800A26D0A /* VerSnapViewController.swift in Sources */,
				521245FD2A3691ED000690EF /* Usuario.swift in Sources */,
				52BA59762A27A4D400936788 /* IniciarSesionViewController.swift in Sources */,
				52BA59722A27A4D400936788 /* AppDelegate.swift in Sources */,
				52BA59742A27A4D400936788 /* SceneDelegate.swift in Sources */,
				521245F92A30FF46000690EF /* ElegirUsuarioViewController.swift in Sources */,
			);
			runOnlyForDeploymentPostprocessing = 0;
		};
/* End PBXSourcesBuildPhase section */

/* Begin PBXVariantGroup section */
		52BA59772A27A4D400936788 /* Main.storyboard */ = {
			isa = PBXVariantGroup;
			children = (
				52BA59782A27A4D400936788 /* Base */,
			);
			name = Main.storyboard;
			sourceTree = "<group>";
		};
		52BA597C2A27A4D700936788 /* LaunchScreen.storyboard */ = {
			isa = PBXVariantGroup;
			children = (
				52BA597D2A27A4D700936788 /* Base */,
			);
			name = LaunchScreen.storyboard;
			sourceTree = "<group>";
		};
/* End PBXVariantGroup section */

/* Begin XCBuildConfiguration section */
		52BA59802A27A4D700936788 /* Debug */ = {
			isa = XCBuildConfiguration;
			buildSettings = {
				ALWAYS_SEARCH_USER_PATHS = NO;
				CLANG_ANALYZER_NONNULL = YES;
				CLANG_ANALYZER_NUMBER_OBJECT_CONVERSION = YES_AGGRESSIVE;
				CLANG_CXX_LANGUAGE_STANDARD = "gnu++20";
				CLANG_ENABLE_MODULES = YES;
				CLANG_ENABLE_OBJC_ARC = YES;
				CLANG_ENABLE_OBJC_WEAK = YES;
				CLANG_WARN_BLOCK_CAPTURE_AUTORELEASING = YES;
				CLANG_WARN_BOOL_CONVERSION = YES;
				CLANG_WARN_COMMA = YES;
				CLANG_WARN_CONSTANT_CONVERSION = YES;
				CLANG_WARN_DEPRECATED_OBJC_IMPLEMENTATIONS = YES;
				CLANG_WARN_DIRECT_OBJC_ISA_USAGE = YES_ERROR;
				CLANG_WARN_DOCUMENTATION_COMMENTS = YES;
				CLANG_WARN_EMPTY_BODY = YES;
				CLANG_WARN_ENUM_CONVERSION = YES;
				CLANG_WARN_INFINITE_RECURSION = YES;
				CLANG_WARN_INT_CONVERSION = YES;
				CLANG_WARN_NON_LITERAL_NULL_CONVERSION = YES;
				CLANG_WARN_OBJC_IMPLICIT_RETAIN_SELF = YES;
				CLANG_WARN_OBJC_LITERAL_CONVERSION = YES;
				CLANG_WARN_OBJC_ROOT_CLASS = YES_ERROR;
				CLANG_WARN_QUOTED_INCLUDE_IN_FRAMEWORK_HEADER = YES;
				CLANG_WARN_RANGE_LOOP_ANALYSIS = YES;
				CLANG_WARN_STRICT_PROTOTYPES = YES;
				CLANG_WARN_SUSPICIOUS_MOVE = YES;
				CLANG_WARN_UNGUARDED_AVAILABILITY = YES_AGGRESSIVE;
				CLANG_WARN_UNREACHABLE_CODE = YES;
				CLANG_WARN__DUPLICATE_METHOD_MATCH = YES;
				COPY_PHASE_STRIP = NO;
				DEBUG_INFORMATION_FORMAT = dwarf;
				ENABLE_STRICT_OBJC_MSGSEND = YES;
				ENABLE_TESTABILITY = YES;
				GCC_C_LANGUAGE_STANDARD = gnu11;
				GCC_DYNAMIC_NO_PIC = NO;
				GCC_NO_COMMON_BLOCKS = YES;
				GCC_OPTIMIZATION_LEVEL = 0;
				GCC_PREPROCESSOR_DEFINITIONS = (
					"DEBUG=1",
					"$(inherited)",
				);
				GCC_WARN_64_TO_32_BIT_CONVERSION = YES;
				GCC_WARN_ABOUT_RETURN_TYPE = YES_ERROR;
				GCC_WARN_UNDECLARED_SELECTOR = YES;
				GCC_WARN_UNINITIALIZED_AUTOS = YES_AGGRESSIVE;
				GCC_WARN_UNUSED_FUNCTION = YES;
				GCC_WARN_UNUSED_VARIABLE = YES;
				IPHONEOS_DEPLOYMENT_TARGET = 16.2;
				MTL_ENABLE_DEBUG_INFO = INCLUDE_SOURCE;
				MTL_FAST_MATH = YES;
				ONLY_ACTIVE_ARCH = YES;
				SDKROOT = iphoneos;
				SWIFT_ACTIVE_COMPILATION_CONDITIONS = DEBUG;
				SWIFT_OPTIMIZATION_LEVEL = "-Onone";
			};
			name = Debug;
		};
		52BA59812A27A4D700936788 /* Release */ = {
			isa = XCBuildConfiguration;
			buildSettings = {
				ALWAYS_SEARCH_USER_PATHS = NO;
				CLANG_ANALYZER_NONNULL = YES;
				CLANG_ANALYZER_NUMBER_OBJECT_CONVERSION = YES_AGGRESSIVE;
				CLANG_CXX_LANGUAGE_STANDARD = "gnu++20";
				CLANG_ENABLE_MODULES = YES;
				CLANG_ENABLE_OBJC_ARC = YES;
				CLANG_ENABLE_OBJC_WEAK = YES;
				CLANG_WARN_BLOCK_CAPTURE_AUTORELEASING = YES;
				CLANG_WARN_BOOL_CONVERSION = YES;
				CLANG_WARN_COMMA = YES;
				CLANG_WARN_CONSTANT_CONVERSION = YES;
				CLANG_WARN_DEPRECATED_OBJC_IMPLEMENTATIONS = YES;
				CLANG_WARN_DIRECT_OBJC_ISA_USAGE = YES_ERROR;
				CLANG_WARN_DOCUMENTATION_COMMENTS = YES;
				CLANG_WARN_EMPTY_BODY = YES;
				CLANG_WARN_ENUM_CONVERSION = YES;
				CLANG_WARN_INFINITE_RECURSION = YES;
				CLANG_WARN_INT_CONVERSION = YES;
				CLANG_WARN_NON_LITERAL_NULL_CONVERSION = YES;
				CLANG_WARN_OBJC_IMPLICIT_RETAIN_SELF = YES;
				CLANG_WARN_OBJC_LITERAL_CONVERSION = YES;
				CLANG_WARN_OBJC_ROOT_CLASS = YES_ERROR;
				CLANG_WARN_QUOTED_INCLUDE_IN_FRAMEWORK_HEADER = YES;
				CLANG_WARN_RANGE_LOOP_ANALYSIS = YES;
				CLANG_WARN_STRICT_PROTOTYPES = YES;
				CLANG_WARN_SUSPICIOUS_MOVE = YES;
				CLANG_WARN_UNGUARDED_AVAILABILITY = YES_AGGRESSIVE;
				CLANG_WARN_UNREACHABLE_CODE = YES;
				CLANG_WARN__DUPLICATE_METHOD_MATCH = YES;
				COPY_PHASE_STRIP = NO;
				DEBUG_INFORMATION_FORMAT = "dwarf-with-dsym";
				ENABLE_NS_ASSERTIONS = NO;
				ENABLE_STRICT_OBJC_MSGSEND = YES;
				GCC_C_LANGUAGE_STANDARD = gnu11;
				GCC_NO_COMMON_BLOCKS = YES;
				GCC_WARN_64_TO_32_BIT_CONVERSION = YES;
				GCC_WARN_ABOUT_RETURN_TYPE = YES_ERROR;
				GCC_WARN_UNDECLARED_SELECTOR = YES;
				GCC_WARN_UNINITIALIZED_AUTOS = YES_AGGRESSIVE;
				GCC_WARN_UNUSED_FUNCTION = YES;
				GCC_WARN_UNUSED_VARIABLE = YES;
				IPHONEOS_DEPLOYMENT_TARGET = 16.2;
				MTL_ENABLE_DEBUG_INFO = NO;
				MTL_FAST_MATH = YES;
				SDKROOT = iphoneos;
				SWIFT_COMPILATION_MODE = wholemodule;
				SWIFT_OPTIMIZATION_LEVEL = "-O";
				VALIDATE_PRODUCT = YES;
			};
			name = Release;
		};
		52BA59832A27A4D700936788 /* Debug */ = {
			isa = XCBuildConfiguration;
			buildSettings = {
				ASSETCATALOG_COMPILER_APPICON_NAME = AppIcon;
				ASSETCATALOG_COMPILER_GLOBAL_ACCENT_COLOR_NAME = AccentColor;
				CODE_SIGN_ENTITLEMENTS = MejiaSnapshat/MejiaSnapshat.entitlements;
				CODE_SIGN_STYLE = Automatic;
				CURRENT_PROJECT_VERSION = 1;
				GENERATE_INFOPLIST_FILE = YES;
				INFOPLIST_FILE = MejiaSnapshat/Info.plist;
				INFOPLIST_KEY_UIApplicationSupportsIndirectInputEvents = YES;
				INFOPLIST_KEY_UILaunchStoryboardName = LaunchScreen;
				INFOPLIST_KEY_UIMainStoryboardFile = Main;
				INFOPLIST_KEY_UISupportedInterfaceOrientations_iPad = "UIInterfaceOrientationPortrait UIInterfaceOrientationPortraitUpsideDown UIInterfaceOrientationLandscapeLeft UIInterfaceOrientationLandscapeRight";
				INFOPLIST_KEY_UISupportedInterfaceOrientations_iPhone = "UIInterfaceOrientationPortrait UIInterfaceOrientationLandscapeLeft UIInterfaceOrientationLandscapeRight";
				LD_RUNPATH_SEARCH_PATHS = (
					"$(inherited)",
					"@executable_path/Frameworks",
				);
				MARKETING_VERSION = 1.0;
				PRODUCT_BUNDLE_IDENTIFIER = empresa.MejiaSnapshat;
				PRODUCT_NAME = "$(TARGET_NAME)";
				SWIFT_EMIT_LOC_STRINGS = YES;
				SWIFT_VERSION = 5.0;
				TARGETED_DEVICE_FAMILY = "1,2";
			};
			name = Debug;
		};
		52BA59842A27A4D700936788 /* Release */ = {
			isa = XCBuildConfiguration;
			buildSettings = {
				ASSETCATALOG_COMPILER_APPICON_NAME = AppIcon;
				ASSETCATALOG_COMPILER_GLOBAL_ACCENT_COLOR_NAME = AccentColor;
				CODE_SIGN_ENTITLEMENTS = MejiaSnapshat/MejiaSnapshat.entitlements;
				CODE_SIGN_STYLE = Automatic;
				CURRENT_PROJECT_VERSION = 1;
				GENERATE_INFOPLIST_FILE = YES;
				INFOPLIST_FILE = MejiaSnapshat/Info.plist;
				INFOPLIST_KEY_UIApplicationSupportsIndirectInputEvents = YES;
				INFOPLIST_KEY_UILaunchStoryboardName = LaunchScreen;
				INFOPLIST_KEY_UIMainStoryboardFile = Main;
				INFOPLIST_KEY_UISupportedInterfaceOrientations_iPad = "UIInterfaceOrientationPortrait UIInterfaceOrientationPortraitUpsideDown UIInterfaceOrientationLandscapeLeft UIInterfaceOrientationLandscapeRight";
				INFOPLIST_KEY_UISupportedInterfaceOrientations_iPhone = "UIInterfaceOrientationPortrait UIInterfaceOrientationLandscapeLeft UIInterfaceOrientationLandscapeRight";
				LD_RUNPATH_SEARCH_PATHS = (
					"$(inherited)",
					"@executable_path/Frameworks",
				);
				MARKETING_VERSION = 1.0;
				PRODUCT_BUNDLE_IDENTIFIER = empresa.MejiaSnapshat;
				PRODUCT_NAME = "$(TARGET_NAME)";
				SWIFT_EMIT_LOC_STRINGS = YES;
				SWIFT_VERSION = 5.0;
				TARGETED_DEVICE_FAMILY = "1,2";
			};
			name = Release;
		};
/* End XCBuildConfiguration section */

/* Begin XCConfigurationList section */
		52BA59692A27A4D400936788 /* Build configuration list for PBXProject "MejiaSnapshat" */ = {
			isa = XCConfigurationList;
			buildConfigurations = (
				52BA59802A27A4D700936788 /* Debug */,
				52BA59812A27A4D700936788 /* Release */,
			);
			defaultConfigurationIsVisible = 0;
			defaultConfigurationName = Release;
		};
		52BA59822A27A4D700936788 /* Build configuration list for PBXNativeTarget "MejiaSnapshat" */ = {
			isa = XCConfigurationList;
			buildConfigurations = (
				52BA59832A27A4D700936788 /* Debug */,
				52BA59842A27A4D700936788 /* Release */,
			);
			defaultConfigurationIsVisible = 0;
			defaultConfigurationName = Release;
		};
/* End XCConfigurationList section */

/* Begin XCRemoteSwiftPackageReference section */
		52BA59872A2D4B7C00936788 /* XCRemoteSwiftPackageReference "firebase-ios-sdk" */ = {
			isa = XCRemoteSwiftPackageReference;
			repositoryURL = "https://github.com/firebase/firebase-ios-sdk";
			requirement = {
				kind = upToNextMajorVersion;
				minimumVersion = 9.0.0;
			};
		};
		52BA598A2A2D5A3600936788 /* XCRemoteSwiftPackageReference "GoogleSignIn-iOS" */ = {
			isa = XCRemoteSwiftPackageReference;
			repositoryURL = "https://github.com/google/GoogleSignIn-iOS";
			requirement = {
				kind = upToNextMajorVersion;
				minimumVersion = 7.0.0;
			};
		};
		52D89DF92A3A338000A26D0A /* XCRemoteSwiftPackageReference "SDWebImage" */ = {
			isa = XCRemoteSwiftPackageReference;
			repositoryURL = "https://github.com/SDWebImage/SDWebImage.git";
			requirement = {
				kind = upToNextMajorVersion;
				minimumVersion = 5.0.0;
			};
		};
/* End XCRemoteSwiftPackageReference section */

/* Begin XCSwiftPackageProductDependency section */
		521245F42A30F6A9000690EF /* FirebaseDatabase */ = {
			isa = XCSwiftPackageProductDependency;
			package = 52BA59872A2D4B7C00936788 /* XCRemoteSwiftPackageReference "firebase-ios-sdk" */;
			productName = FirebaseDatabase;
		};
		521245F62A30F6AE000690EF /* FirebaseStorage */ = {
			isa = XCSwiftPackageProductDependency;
			package = 52BA59872A2D4B7C00936788 /* XCRemoteSwiftPackageReference "firebase-ios-sdk" */;
			productName = FirebaseStorage;
		};
		52BA59882A2D4B7C00936788 /* FirebaseAuth */ = {
			isa = XCSwiftPackageProductDependency;
			package = 52BA59872A2D4B7C00936788 /* XCRemoteSwiftPackageReference "firebase-ios-sdk" */;
			productName = FirebaseAuth;
		};
		52BA598B2A2D5A3600936788 /* GoogleSignIn */ = {
			isa = XCSwiftPackageProductDependency;
			package = 52BA598A2A2D5A3600936788 /* XCRemoteSwiftPackageReference "GoogleSignIn-iOS" */;
			productName = GoogleSignIn;
		};
		52BA598D2A2D5A3600936788 /* GoogleSignInSwift */ = {
			isa = XCSwiftPackageProductDependency;
			package = 52BA598A2A2D5A3600936788 /* XCRemoteSwiftPackageReference "GoogleSignIn-iOS" */;
			productName = GoogleSignInSwift;
		};
		52D89DFA2A3A338000A26D0A /* SDWebImage */ = {
			isa = XCSwiftPackageProductDependency;
			package = 52D89DF92A3A338000A26D0A /* XCRemoteSwiftPackageReference "SDWebImage" */;
			productName = SDWebImage;
		};
/* End XCSwiftPackageProductDependency section */
	};
	rootObject = 52BA59662A27A4D400936788 /* Project object */;
}
